#MicroXplorer Configuration settings - do not modify
Mcu.Family=STM32L4
RCC.MSI_VALUE=4000000
ProjectManager.MainLocation=Core/Src
PA15\ (JTDI).GPIOParameters=GPIO_Label
RCC.USART1Freq_Value=32000000
RCC.PLLQoutputFreq_Value=32000000
ProjectManager.ProjectFileName=i2s-bridge.ioc
RCC.SAI1Freq_Value=9142857.142857144
USART2.IPParameters=VirtualMode-Asynchronous,BaudRate
RCC.CortexFreq_Value=32000000
SAI1.VirtualMode-SAI_A_AsyncSlave=VM_SLAVE
ProjectManager.KeepUserCode=true
Mcu.UserName=STM32L432KCUx
PA10.Mode=SAI_A_AsyncSlave
Mcu.PinsNb=15
VP_SAI1_VP_$IpInstance_SAIA_SAI_BASIC.Mode=SAI_A_BASIC
ProjectManager.NoMain=false
RCC.LPUARTFreq_Value=32000000
RCC.PLLCLKFreq_Value=32000000
RCC.SWPMI1Freq_Value=32000000
RCC.PLLSAI1RoutputFreq_Value=32000000
PA0.GPIO_Label=MCO [High speed clock in]
ProjectManager.functionlistsort=1-MX_GPIO_Init-GPIO-false-HAL-true,2-SystemClock_Config-RCC-false-HAL-false,3-MX_SAI1_Init-SAI1-false-HAL-true
SAI1.VirtualProtocol-SAI_A_BASIC=VM_BASIC_PROTOCOL
PA13\ (JTMS-SWDIO).Locked=true
RCC.RTCFreq_Value=32000
VP_SAI1_VP_$IpInstance_SAIA_SAI_BASIC.Signal=SAI1_VP_$IpInstance_SAIA_SAI_BASIC
ProjectManager.DefaultFWLocation=true
PC15-OSC32_OUT\ (PC15).Signal=RCC_OSC32_OUT
RCC.USART2Freq_Value=32000000
PA15\ (JTDI).Signal=USART2_RX
PB3\ (JTDO-TRACESWO).GPIO_Label=LD3 [Green]
PA14\ (JTCK-SWCLK).GPIO_Label=SWCLK
ProjectManager.DeletePrevious=true
RCC.TimerFreq_Value=32000000
boardIOC=true
RCC.48CLKFreq_Value=24000000
PA2.GPIOParameters=GPIO_Label
USART2.BaudRate=230400
PinOutPanel.RotationAngle=0
RCC.FamilyName=M
RCC.SYSCLKSource=RCC_SYSCLKSOURCE_PLLCLK
RCC.MCO1PinFreq_Value=32000000
ProjectManager.StackSize=0x400
PB3\ (JTDO-TRACESWO).Signal=GPIO_Output
RCC.WatchDogFreq_Value=32000
SAI1.Instance-SAI_A_AsyncSlave=SAI$Index_Block_A
PA14\ (JTCK-SWCLK).Signal=SYS_JTCK-SWCLK
RCC.LPTIM1Freq_Value=32000000
RCC.I2C3Freq_Value=32000000
Mcu.IP4=USART2
RCC.HSI16_VALUE=16000000
RCC.FCLKCortexFreq_Value=32000000
NVIC.SVCall_IRQn=true\:0\:0\:false\:false\:true\:false\:false
Mcu.IP2=SAI1
Mcu.IP3=SYS
Mcu.IP0=NVIC
PA9.Mode=SAI_A_AsyncSlave
PA15\ (JTDI).Mode=Asynchronous
Mcu.IP1=RCC
Mcu.UserConstants=
RCC.VCOSAI1OutputFreq_Value=64000000
SAI1.VirtualMode-SAI_B_SyncSlave=VM_SLAVE
ProjectManager.TargetToolchain=STM32CubeIDE
PA14\ (JTCK-SWCLK).GPIOParameters=GPIO_Label
Mcu.ThirdPartyNb=0
RCC.HCLKFreq_Value=32000000
Mcu.IPNb=5
ProjectManager.PreviousToolchain=STM32CubeIDE
RCC.APB2TimFreq_Value=32000000
PA9.Signal=SAI1_FS_A
VP_SAI1_VP_$IpInstance_SAIB_SAI_BASIC.Signal=SAI1_VP_$IpInstance_SAIB_SAI_BASIC
Mcu.Pin6=PA10
Mcu.Pin7=PA13 (JTMS-SWDIO)
ProjectManager.RegisterCallBack=
PC15-OSC32_OUT\ (PC15).Locked=true
Mcu.Pin8=PA14 (JTCK-SWCLK)
RCC.USBFreq_Value=32000000
Mcu.Pin9=PA15 (JTDI)
RCC.LSE_VALUE=32768
RCC.AHBFreq_Value=32000000
RCC.PLLSAI1PoutputFreq_Value=9142857.142857144
Mcu.Pin0=PC14-OSC32_IN (PC14)
Mcu.Pin1=PC15-OSC32_OUT (PC15)
GPIO.groupedBy=Group By Peripherals
Mcu.Pin2=PA0
Mcu.Pin3=PA2
RCC.USART3Freq_Value=16000000
Mcu.Pin4=PA8
VP_SAI1_VP_$IpInstance_SAIB_SAI_BASIC.Mode=SAI_B_BASIC
Mcu.Pin5=PA9
ProjectManager.ProjectBuild=false
RCC.HSE_VALUE=8000000
NVIC.UsageFault_IRQn=true\:0\:0\:false\:false\:true\:false\:false
PA0.Locked=true
NVIC.DebugMonitor_IRQn=true\:0\:0\:false\:false\:true\:false\:false
RCC.MCOPinFreq_Value=32000000
board=NUCLEO-L432KC
SAI1.IPParameters=Instance-SAI_A_AsyncSlave,VirtualMode-SAI_A_AsyncSlave,Instance-SAI_B_SyncSlave,VirtualMode-SAI_B_SyncSlave,InitProtocol-SAI_A_AsyncSlave,VirtualProtocol-SAI_A_BASIC,InitProtocol-SAI_B_SyncSlave,VirtualProtocol-SAI_B_BASIC,AudioMode-SAI_A_AsyncSlave
USART2.VirtualMode-Asynchronous=VM_ASYNC
RCC.VCOOutputFreq_Value=64000000
NVIC.SysTick_IRQn=true\:0\:0\:true\:false\:true\:true\:true
ProjectManager.LastFirmware=true
RCC.PLLMUL=RCC_PLLMUL_4
ProjectManager.FirmwarePackage=STM32Cube FW_L4 V1.16.0
MxDb.Version=DB.6.0.10
RCC.APB2Freq_Value=32000000
ProjectManager.BackupPrevious=false
MxCube.Version=6.1.0
PB3\ (JTDO-TRACESWO).GPIOParameters=GPIO_Label
RCC.VCOInputFreq_Value=4000000
PA13\ (JTMS-SWDIO).GPIO_Label=SWDIO
RCC.I2C1Freq_Value=32000000
RCC.LCDFreq_Value=37000
RCC.RNGFreq_Value=32000000
RCC.PLLSAI1QoutputFreq_Value=32000000
PB5.Mode=SAI_B_SyncSlave
RCC.ADCFreq_Value=32000000
File.Version=6
VP_SYS_VS_Systick.Mode=SysTick
PA8.Signal=SAI1_SCK_A
NVIC.NonMaskableInt_IRQn=true\:0\:0\:false\:false\:true\:false\:false
RCC.PLLRCLKFreq_Value=32000000
NVIC.PendSV_IRQn=true\:0\:0\:false\:false\:true\:false\:false
ProjectManager.FreePins=false
PA15\ (JTDI).GPIO_Label=VCP_RX
RCC.IPParameters=48CLKFreq_Value,ADCFreq_Value,AHBFreq_Value,APB1Freq_Value,APB1TimFreq_Value,APB2Freq_Value,APB2TimFreq_Value,CortexFreq_Value,FCLKCortexFreq_Value,FamilyName,HCLKFreq_Value,HSE_VALUE,HSI16_VALUE,HSI48_VALUE,HSI_VALUE,I2C1Freq_Value,I2C2Freq_Value,I2C3Freq_Value,LCDFreq_Value,LPTIM1Freq_Value,LPTIM2Freq_Value,LPTIMFreq_Value,LPUART1Freq_Value,LPUARTFreq_Value,LSCOPinFreq_Value,LSE_VALUE,LSI_VALUE,MCO1PinFreq_Value,MCOPinFreq_Value,MSI_VALUE,PLLCLKFreq_Value,PLLMUL,PLLN,PLLPoutputFreq_Value,PLLQoutputFreq_Value,PLLRCLKFreq_Value,PLLSAI1N,PLLSAI1PoutputFreq_Value,PLLSAI1QoutputFreq_Value,PLLSAI1RoutputFreq_Value,PWRFreq_Value,RNGFreq_Value,RTCFreq_Value,RTCHSEDivFreq_Value,SAI1Freq_Value,SWPMI1Freq_Value,SYSCLKFreq_VALUE,SYSCLKSource,TIMFreq_Value,TimerFreq_Value,USART1Freq_Value,USART2Freq_Value,USART3Freq_Value,USBFreq_Value,VCOInputFreq_Value,VCOOutputFreq_Value,VCOSAI1OutputFreq_Value,WatchDogFreq_Value
ProjectManager.AskForMigrate=true
Mcu.Name=STM32L432K(B-C)Ux
RCC.LPTIM2Freq_Value=32000000
ProjectManager.HalAssertFull=false
RCC.RTCHSEDivFreq_Value=4000000
PA2.Signal=USART2_TX
ProjectManager.ProjectName=i2s-bridge
ProjectManager.UnderRoot=true
PA0.Signal=RCC_CK_IN
ProjectManager.CoupleFile=false
RCC.SYSCLKFreq_VALUE=32000000
Mcu.Package=UFQFPN32
PB5.Signal=SAI1_SD_B
PA14\ (JTCK-SWCLK).Locked=true
NVIC.ForceEnableDMAVector=true
KeepUserPlacement=false
PC14-OSC32_IN\ (PC14).Signal=RCC_OSC32_IN
SAI1.AudioMode-SAI_A_AsyncSlave=SAI_MODESLAVE_TX
NVIC.MemoryManagement_IRQn=true\:0\:0\:false\:false\:true\:false\:false
ProjectManager.CompilerOptimize=6
ProjectManager.ToolChainLocation=
PA2.GPIO_Label=VCP_TX
RCC.LSI_VALUE=32000
SAI1.Instance-SAI_B_SyncSlave=SAI$Index_Block_B
VP_SYS_VS_Systick.Signal=SYS_VS_Systick
RCC.LSCOPinFreq_Value=32000
PA10.Signal=SAI1_SD_A
ProjectManager.HeapSize=0x200
PA0.GPIOParameters=GPIO_Label
NVIC.HardFault_IRQn=true\:0\:0\:false\:false\:true\:false\:false
Mcu.Pin13=VP_SAI1_VP_$IpInstance_SAIB_SAI_BASIC
Mcu.Pin14=VP_SYS_VS_Systick
ProjectManager.ComputerToolchain=false
RCC.HSI_VALUE=16000000
SAI1.InitProtocol-SAI_A_AsyncSlave=Enable
SAI1.VirtualProtocol-SAI_B_BASIC=VM_BASIC_PROTOCOL
PC14-OSC32_IN\ (PC14).Locked=true
NVIC.PriorityGroup=NVIC_PRIORITYGROUP_4
Mcu.Pin11=PB5
Mcu.Pin12=VP_SAI1_VP_$IpInstance_SAIA_SAI_BASIC
RCC.PLLPoutputFreq_Value=9142857.142857144
RCC.PLLN=16
Mcu.Pin10=PB3 (JTDO-TRACESWO)
RCC.APB1TimFreq_Value=32000000
PA2.Mode=Asynchronous
NVIC.BusFault_IRQn=true\:0\:0\:false\:false\:true\:false\:false
RCC.PWRFreq_Value=32000000
RCC.LPUART1Freq_Value=32000000
PA8.Mode=SAI_A_AsyncSlave
PA13\ (JTMS-SWDIO).Signal=SYS_JTMS-SWDIO
PA15\ (JTDI).Locked=true
RCC.I2C2Freq_Value=16000000
RCC.APB1Freq_Value=32000000
PA13\ (JTMS-SWDIO).GPIOParameters=GPIO_Label
SAI1.InitProtocol-SAI_B_SyncSlave=Enable
ProjectManager.CustomerFirmwarePackage=
ProjectManager.DeviceId=STM32L432KCUx
ProjectManager.LibraryCopy=1
RCC.LPTIMFreq_Value=32000000
RCC.HSI48_VALUE=48000000
PB3\ (JTDO-TRACESWO).Locked=true
RCC.PLLSAI1N=16
RCC.TIMFreq_Value=32000000
PA2.Locked=true
